
Microsoft Visual Studio Solution File, Format Version 12.00
# Visual Studio Version 16
VisualStudioVersion = 16.0.31515.178
MinimumVisualStudioVersion = 10.0.40219.1
Project("{FAE04EC0-301F-11D3-BF4B-00C04F79EFBC}") = "WordUtilLib", "WordUtilLib\WordUtilLib.csproj", "{C5CB43AA-B7BA-4D54-83C6-D4021999F323}"
EndProject
Project("{FAE04EC0-301F-11D3-BF4B-00C04F79EFBC}") = "WebWordUtil_v01", "WebWordUtil_v01\WebWordUtil_v01.csproj", "{78FB2D6C-00AE-4CB6-BF11-8C99F4C08672}"
EndProject
Global
	GlobalSection(SolutionConfigurationPlatforms) = preSolution
		Debug|Any CPU = Debug|Any CPU
		Release|Any CPU = Release|Any CPU
	EndGlobalSection
	GlobalSection(ProjectConfigurationPlatforms) = postSolution
		{C5CB43AA-B7BA-4D54-83C6-D4021999F323}.Debug|Any CPU.ActiveCfg = Debug|Any CPU
		{C5CB43AA-B7BA-4D54-83C6-D4021999F323}.Debug|Any CPU.Build.0 = Debug|Any CPU
		{C5CB43AA-B7BA-4D54-83C6-D4021999F323}.Release|Any CPU.ActiveCfg = Release|Any CPU
		{C5CB43AA-B7BA-4D54-83C6-D4021999F323}.Release|Any CPU.Build.0 = Release|Any CPU
		{78FB2D6C-00AE-4CB6-BF11-8C99F4C08672}.Debug|Any CPU.ActiveCfg = Debug|Any CPU
		{78FB2D6C-00AE-4CB6-BF11-8C99F4C08672}.Debug|Any CPU.Build.0 = Debug|Any CPU
		{78FB2D6C-00AE-4CB6-BF11-8C99F4C08672}.Release|Any CPU.ActiveCfg = Release|Any CPU
		{78FB2D6C-00AE-4CB6-BF11-8C99F4C08672}.Release|Any CPU.Build.0 = Release|Any CPU
	EndGlobalSection
	GlobalSection(SolutionProperties) = preSolution
		HideSolutionNode = FALSE
	EndGlobalSection
	GlobalSection(ExtensibilityGlobals) = postSolution
		SolutionGuid = {0D4628F4-6E4D-4A73-ADAE-15B01EEE3C0A}
	EndGlobalSection
EndGlobal
